<?xml version="1.0" encoding="utf-8"?>
<Project ToolsVersion="14.0" xmlns="http://schemas.microsoft.com/developer/msbuild/2003">
  <ItemGroup>
    <ClCompile Include="F:\repos\simple_ffmpeg\cmdutils.c">
      <Filter>Source Files</Filter>
    </ClCompile>
    <ClCompile Include="F:\repos\simple_ffmpeg\ffmpeg.c">
      <Filter>Source Files</Filter>
    </ClCompile>
    <ClCompile Include="F:\repos\simple_ffmpeg\ffmpeg_filter.c">
      <Filter>Source Files</Filter>
    </ClCompile>
    <ClCompile Include="F:\repos\simple_ffmpeg\ffmpeg_opt.c">
      <Filter>Source Files</Filter>
    </ClCompile>
  </ItemGroup>
  <ItemGroup>
    <CustomBuild Include="F:\repos\simple_ffmpeg\CMakeLists.txt" />
  </ItemGroup>
  <ItemGroup>
    <Filter Include="Source Files">
      <UniqueIdentifier>{7295B5EA-B330-3F93-8DFD-7661E8FA89CC}</UniqueIdentifier>
    </Filter>
  </ItemGroup>
</Project>
